// !$*UTF8*$!
{
	archiveVersion = 1;
	classes = {
	};
	objectVersion = 46;
	objects = {

/* Begin PBXBuildFile section */
		2C8837E91CF0F1F100F70230 /* DebugSettings.swift in Sources */ = {isa = PBXBuildFile; fileRef = 2C8837E81CF0F1F000F70230 /* DebugSettings.swift */; };
		2CBF1E431C686A7C004E2350 /* HoboStd.otf in Resources */ = {isa = PBXBuildFile; fileRef = 2CBF1E421C686A7C004E2350 /* HoboStd.otf */; };
		2CD0EA081C5E0025007D6E95 /* AppDelegate.swift in Sources */ = {isa = PBXBuildFile; fileRef = 2CD0EA071C5E0025007D6E95 /* AppDelegate.swift */; };
		2CD0EA0A1C5E0025007D6E95 /* GameScene.sks in Resources */ = {isa = PBXBuildFile; fileRef = 2CD0EA091C5E0025007D6E95 /* GameScene.sks */; };
		2CD0EA0C1C5E0025007D6E95 /* GameScene.swift in Sources */ = {isa = PBXBuildFile; fileRef = 2CD0EA0B1C5E0025007D6E95 /* GameScene.swift */; };
		2CD0EA0E1C5E0025007D6E95 /* GameViewController.swift in Sources */ = {isa = PBXBuildFile; fileRef = 2CD0EA0D1C5E0025007D6E95 /* GameViewController.swift */; };
		2CD0EA111C5E0025007D6E95 /* Main.storyboard in Resources */ = {isa = PBXBuildFile; fileRef = 2CD0EA0F1C5E0025007D6E95 /* Main.storyboard */; };
		2CD0EA131C5E0025007D6E95 /* Assets.xcassets in Resources */ = {isa = PBXBuildFile; fileRef = 2CD0EA121C5E0025007D6E95 /* Assets.xcassets */; };
		2CD0EA161C5E0025007D6E95 /* LaunchScreen.storyboard in Resources */ = {isa = PBXBuildFile; fileRef = 2CD0EA141C5E0025007D6E95 /* LaunchScreen.storyboard */; };
		2CD0EA1E1C5E011E007D6E95 /* MenuViewController.swift in Sources */ = {isa = PBXBuildFile; fileRef = 2CD0EA1D1C5E011E007D6E95 /* MenuViewController.swift */; };
		2CD0EA221C5E1CD3007D6E95 /* TapTarget.swift in Sources */ = {isa = PBXBuildFile; fileRef = 2CD0EA211C5E1CD3007D6E95 /* TapTarget.swift */; };
		2CD0EA301C5E7586007D6E95 /* tapTarget001@2x.png in Resources */ = {isa = PBXBuildFile; fileRef = 2CD0EA261C5E7586007D6E95 /* tapTarget001@2x.png */; };
		2CD0EA311C5E7586007D6E95 /* tapTarget002@2x.png in Resources */ = {isa = PBXBuildFile; fileRef = 2CD0EA271C5E7586007D6E95 /* tapTarget002@2x.png */; };
		2CD0EA321C5E7586007D6E95 /* tapTarget003@2x.png in Resources */ = {isa = PBXBuildFile; fileRef = 2CD0EA281C5E7586007D6E95 /* tapTarget003@2x.png */; };
		2CD0EA3C1C5E7E3C007D6E95 /* Settings.swift in Sources */ = {isa = PBXBuildFile; fileRef = 2CD0EA3B1C5E7E3C007D6E95 /* Settings.swift */; };
		2CD0EA3F1C5F74FF007D6E95 /* settings.json in Resources */ = {isa = PBXBuildFile; fileRef = 2CD0EA3E1C5F74FF007D6E95 /* settings.json */; };
		2CD0EA411C606C2D007D6E95 /* TapTargetBehavior.swift in Sources */ = {isa = PBXBuildFile; fileRef = 2CD0EA401C606C2D007D6E95 /* TapTargetBehavior.swift */; };
		2CD0EA431C608780007D6E95 /* ObjectPopulation.swift in Sources */ = {isa = PBXBuildFile; fileRef = 2CD0EA421C608780007D6E95 /* ObjectPopulation.swift */; };
		2CD0EA461C609340007D6E95 /* Utils.swift in Sources */ = {isa = PBXBuildFile; fileRef = 2CD0EA451C609340007D6E95 /* Utils.swift */; };
		2CD0EA491C60AD3F007D6E95 /* GoogleMobileAds.framework in Frameworks */ = {isa = PBXBuildFile; fileRef = 2CD0EA481C60AD3F007D6E95 /* GoogleMobileAds.framework */; };
		2CD0EA611C61D6D8007D6E95 /* deadTarget1@2x.png in Resources */ = {isa = PBXBuildFile; fileRef = 2CD0EA5E1C61D6D8007D6E95 /* deadTarget1@2x.png */; };
		2CD0EA621C61D6D8007D6E95 /* deadTarget2@2x.png in Resources */ = {isa = PBXBuildFile; fileRef = 2CD0EA5F1C61D6D8007D6E95 /* deadTarget2@2x.png */; };
		2CD0EA631C61D6D8007D6E95 /* deadTarget3@2x.png in Resources */ = {isa = PBXBuildFile; fileRef = 2CD0EA601C61D6D8007D6E95 /* deadTarget3@2x.png */; };
		2CD0EA6D1C61D73D007D6E95 /* backTile@2x.png in Resources */ = {isa = PBXBuildFile; fileRef = 2CD0EA651C61D73D007D6E95 /* backTile@2x.png */; };
		2CD0EA6F1C61D73D007D6E95 /* btn@2x.png in Resources */ = {isa = PBXBuildFile; fileRef = 2CD0EA671C61D73D007D6E95 /* btn@2x.png */; };
		2CD0EA701C61D73D007D6E95 /* name@2x.png in Resources */ = {isa = PBXBuildFile; fileRef = 2CD0EA681C61D73D007D6E95 /* name@2x.png */; };
		2CD0EA711C61D73D007D6E95 /* pause@2x.png in Resources */ = {isa = PBXBuildFile; fileRef = 2CD0EA691C61D73D007D6E95 /* pause@2x.png */; };
		2CD0EA721C61D73D007D6E95 /* scoreWindow@2x.png in Resources */ = {isa = PBXBuildFile; fileRef = 2CD0EA6A1C61D73D007D6E95 /* scoreWindow@2x.png */; };
		2CD0EA731C61D73D007D6E95 /* soundOff@2x.png in Resources */ = {isa = PBXBuildFile; fileRef = 2CD0EA6B1C61D73D007D6E95 /* soundOff@2x.png */; };
		2CD0EA741C61D73D007D6E95 /* soundOn@2x.png in Resources */ = {isa = PBXBuildFile; fileRef = 2CD0EA6C1C61D73D007D6E95 /* soundOn@2x.png */; };
		2CD0EA761C624EF9007D6E95 /* bestScore@2x.png in Resources */ = {isa = PBXBuildFile; fileRef = 2CD0EA751C624EF9007D6E95 /* bestScore@2x.png */; };
		2CD0EA781C6255D0007D6E95 /* ResultViewController.swift in Sources */ = {isa = PBXBuildFile; fileRef = 2CD0EA771C6255D0007D6E95 /* ResultViewController.swift */; };
		2CD0EA7A1C631D47007D6E95 /* btnBack@2x.png in Resources */ = {isa = PBXBuildFile; fileRef = 2CD0EA791C631D47007D6E95 /* btnBack@2x.png */; };
		32DD4C4E1DDB8D9A00AADDEA /* AdManager.swift in Sources */ = {isa = PBXBuildFile; fileRef = 32DD4C4D1DDB8D9A00AADDEA /* AdManager.swift */; };
		32DD4C501DDB9EFC00AADDEA /* MenuTargetBehavior.swift in Sources */ = {isa = PBXBuildFile; fileRef = 32DD4C4F1DDB9EFC00AADDEA /* MenuTargetBehavior.swift */; };
/* End PBXBuildFile section */

/* Begin PBXFileReference section */
		2C8837E81CF0F1F000F70230 /* DebugSettings.swift */ = {isa = PBXFileReference; fileEncoding = 4; lastKnownFileType = sourcecode.swift; path = DebugSettings.swift; sourceTree = "<group>"; };
		2CBF1E421C686A7C004E2350 /* HoboStd.otf */ = {isa = PBXFileReference; lastKnownFileType = file; path = HoboStd.otf; sourceTree = "<group>"; };
		2CD0EA041C5E0025007D6E95 /* TapGame.app */ = {isa = PBXFileReference; explicitFileType = wrapper.application; includeInIndex = 0; path = TapGame.app; sourceTree = BUILT_PRODUCTS_DIR; };
		2CD0EA071C5E0025007D6E95 /* AppDelegate.swift */ = {isa = PBXFileReference; lastKnownFileType = sourcecode.swift; path = AppDelegate.swift; sourceTree = "<group>"; };
		2CD0EA091C5E0025007D6E95 /* GameScene.sks */ = {isa = PBXFileReference; lastKnownFileType = file.sks; path = GameScene.sks; sourceTree = "<group>"; };
		2CD0EA0B1C5E0025007D6E95 /* GameScene.swift */ = {isa = PBXFileReference; lastKnownFileType = sourcecode.swift; path = GameScene.swift; sourceTree = "<group>"; };
		2CD0EA0D1C5E0025007D6E95 /* GameViewController.swift */ = {isa = PBXFileReference; lastKnownFileType = sourcecode.swift; path = GameViewController.swift; sourceTree = "<group>"; };
		2CD0EA101C5E0025007D6E95 /* Base */ = {isa = PBXFileReference; lastKnownFileType = file.storyboard; name = Base; path = Base.lproj/Main.storyboard; sourceTree = "<group>"; };
		2CD0EA121C5E0025007D6E95 /* Assets.xcassets */ = {isa = PBXFileReference; lastKnownFileType = folder.assetcatalog; path = Assets.xcassets; sourceTree = "<group>"; };
		2CD0EA151C5E0025007D6E95 /* Base */ = {isa = PBXFileReference; lastKnownFileType = file.storyboard; name = Base; path = Base.lproj/LaunchScreen.storyboard; sourceTree = "<group>"; };
		2CD0EA171C5E0025007D6E95 /* Info.plist */ = {isa = PBXFileReference; lastKnownFileType = text.plist.xml; path = Info.plist; sourceTree = "<group>"; };
		2CD0EA1D1C5E011E007D6E95 /* MenuViewController.swift */ = {isa = PBXFileReference; fileEncoding = 4; lastKnownFileType = sourcecode.swift; path = MenuViewController.swift; sourceTree = "<group>"; };
		2CD0EA211C5E1CD3007D6E95 /* TapTarget.swift */ = {isa = PBXFileReference; fileEncoding = 4; lastKnownFileType = sourcecode.swift; path = TapTarget.swift; sourceTree = "<group>"; };
		2CD0EA261C5E7586007D6E95 /* tapTarget001@2x.png */ = {isa = PBXFileReference; lastKnownFileType = image.png; path = "tapTarget001@2x.png"; sourceTree = "<group>"; };
		2CD0EA271C5E7586007D6E95 /* tapTarget002@2x.png */ = {isa = PBXFileReference; lastKnownFileType = image.png; path = "tapTarget002@2x.png"; sourceTree = "<group>"; };
		2CD0EA281C5E7586007D6E95 /* tapTarget003@2x.png */ = {isa = PBXFileReference; lastKnownFileType = image.png; path = "tapTarget003@2x.png"; sourceTree = "<group>"; };
		2CD0EA3B1C5E7E3C007D6E95 /* Settings.swift */ = {isa = PBXFileReference; fileEncoding = 4; lastKnownFileType = sourcecode.swift; path = Settings.swift; sourceTree = "<group>"; };
		2CD0EA3E1C5F74FF007D6E95 /* settings.json */ = {isa = PBXFileReference; fileEncoding = 4; lastKnownFileType = text.json; path = settings.json; sourceTree = "<group>"; };
		2CD0EA401C606C2D007D6E95 /* TapTargetBehavior.swift */ = {isa = PBXFileReference; fileEncoding = 4; lastKnownFileType = sourcecode.swift; path = TapTargetBehavior.swift; sourceTree = "<group>"; };
		2CD0EA421C608780007D6E95 /* ObjectPopulation.swift */ = {isa = PBXFileReference; fileEncoding = 4; lastKnownFileType = sourcecode.swift; path = ObjectPopulation.swift; sourceTree = "<group>"; };
		2CD0EA451C609340007D6E95 /* Utils.swift */ = {isa = PBXFileReference; fileEncoding = 4; lastKnownFileType = sourcecode.swift; path = Utils.swift; sourceTree = "<group>"; };
		2CD0EA481C60AD3F007D6E95 /* GoogleMobileAds.framework */ = {isa = PBXFileReference; lastKnownFileType = wrapper.framework; path = GoogleMobileAds.framework; sourceTree = "<group>"; };
		2CD0EA5E1C61D6D8007D6E95 /* deadTarget1@2x.png */ = {isa = PBXFileReference; lastKnownFileType = image.png; path = "deadTarget1@2x.png"; sourceTree = "<group>"; };
		2CD0EA5F1C61D6D8007D6E95 /* deadTarget2@2x.png */ = {isa = PBXFileReference; lastKnownFileType = image.png; path = "deadTarget2@2x.png"; sourceTree = "<group>"; };
		2CD0EA601C61D6D8007D6E95 /* deadTarget3@2x.png */ = {isa = PBXFileReference; lastKnownFileType = image.png; path = "deadTarget3@2x.png"; sourceTree = "<group>"; };
		2CD0EA651C61D73D007D6E95 /* backTile@2x.png */ = {isa = PBXFileReference; lastKnownFileType = image.png; path = "backTile@2x.png"; sourceTree = "<group>"; };
		2CD0EA671C61D73D007D6E95 /* btn@2x.png */ = {isa = PBXFileReference; lastKnownFileType = image.png; path = "btn@2x.png"; sourceTree = "<group>"; };
		2CD0EA681C61D73D007D6E95 /* name@2x.png */ = {isa = PBXFileReference; lastKnownFileType = image.png; path = "name@2x.png"; sourceTree = "<group>"; };
		2CD0EA691C61D73D007D6E95 /* pause@2x.png */ = {isa = PBXFileReference; lastKnownFileType = image.png; path = "pause@2x.png"; sourceTree = "<group>"; };
		2CD0EA6A1C61D73D007D6E95 /* scoreWindow@2x.png */ = {isa = PBXFileReference; lastKnownFileType = image.png; path = "scoreWindow@2x.png"; sourceTree = "<group>"; };
		2CD0EA6B1C61D73D007D6E95 /* soundOff@2x.png */ = {isa = PBXFileReference; lastKnownFileType = image.png; path = "soundOff@2x.png"; sourceTree = "<group>"; };
		2CD0EA6C1C61D73D007D6E95 /* soundOn@2x.png */ = {isa = PBXFileReference; lastKnownFileType = image.png; path = "soundOn@2x.png"; sourceTree = "<group>"; };
		2CD0EA751C624EF9007D6E95 /* bestScore@2x.png */ = {isa = PBXFileReference; lastKnownFileType = image.png; path = "bestScore@2x.png"; sourceTree = "<group>"; };
		2CD0EA771C6255D0007D6E95 /* ResultViewController.swift */ = {isa = PBXFileReference; fileEncoding = 4; lastKnownFileType = sourcecode.swift; path = ResultViewController.swift; sourceTree = "<group>"; };
		2CD0EA791C631D47007D6E95 /* btnBack@2x.png */ = {isa = PBXFileReference; lastKnownFileType = image.png; path = "btnBack@2x.png"; sourceTree = "<group>"; };
		32DD4C4D1DDB8D9A00AADDEA /* AdManager.swift */ = {isa = PBXFileReference; fileEncoding = 4; lastKnownFileType = sourcecode.swift; path = AdManager.swift; sourceTree = "<group>"; };
		32DD4C4F1DDB9EFC00AADDEA /* MenuTargetBehavior.swift */ = {isa = PBXFileReference; fileEncoding = 4; lastKnownFileType = sourcecode.swift; path = MenuTargetBehavior.swift; sourceTree = "<group>"; };
/* End PBXFileReference section */

/* Begin PBXFrameworksBuildPhase section */
		2CD0EA011C5E0025007D6E95 /* Frameworks */ = {
			isa = PBXFrameworksBuildPhase;
			buildActionMask = 2147483647;
			files = (
				2CD0EA491C60AD3F007D6E95 /* GoogleMobileAds.framework in Frameworks */,
			);
			runOnlyForDeploymentPostprocessing = 0;
		};
/* End PBXFrameworksBuildPhase section */

/* Begin PBXGroup section */
		2CBF1E411C686A7C004E2350 /* font */ = {
			isa = PBXGroup;
			children = (
				2CBF1E421C686A7C004E2350 /* HoboStd.otf */,
			);
			path = font;
			sourceTree = "<group>";
		};
		2CD0E9FB1C5E0025007D6E95 = {
			isa = PBXGroup;
			children = (
				2CD0EA061C5E0025007D6E95 /* TapGame */,
				2CD0EA051C5E0025007D6E95 /* Products */,
			);
			sourceTree = "<group>";
		};
		2CD0EA051C5E0025007D6E95 /* Products */ = {
			isa = PBXGroup;
			children = (
				2CD0EA041C5E0025007D6E95 /* TapGame.app */,
			);
			name = Products;
			sourceTree = "<group>";
		};
		2CD0EA061C5E0025007D6E95 /* TapGame */ = {
			isa = PBXGroup;
			children = (
				2CD0EA471C60AD3F007D6E95 /* Frameworks */,
				2CD0EA231C5E7586007D6E95 /* Resources */,
				2CD0EA441C609311007D6E95 /* utils */,
				2CD0EA3A1C5E7DF2007D6E95 /* settings */,
				2CD0EA4A1C60B1AC007D6E95 /* windows */,
				2CD0EA201C5E1C76007D6E95 /* objects */,
				2CD0EA071C5E0025007D6E95 /* AppDelegate.swift */,
				2CD0EA091C5E0025007D6E95 /* GameScene.sks */,
				2CD0EA0B1C5E0025007D6E95 /* GameScene.swift */,
				2CD0EA0D1C5E0025007D6E95 /* GameViewController.swift */,
				2CD0EA1D1C5E011E007D6E95 /* MenuViewController.swift */,
				2CD0EA771C6255D0007D6E95 /* ResultViewController.swift */,
				2CD0EA0F1C5E0025007D6E95 /* Main.storyboard */,
				2CD0EA121C5E0025007D6E95 /* Assets.xcassets */,
				2CD0EA141C5E0025007D6E95 /* LaunchScreen.storyboard */,
				2CD0EA171C5E0025007D6E95 /* Info.plist */,
			);
			path = TapGame;
			sourceTree = "<group>";
		};
		2CD0EA201C5E1C76007D6E95 /* objects */ = {
			isa = PBXGroup;
			children = (
				2CD0EA211C5E1CD3007D6E95 /* TapTarget.swift */,
				2CD0EA401C606C2D007D6E95 /* TapTargetBehavior.swift */,
				2CD0EA421C608780007D6E95 /* ObjectPopulation.swift */,
				32DD4C4F1DDB9EFC00AADDEA /* MenuTargetBehavior.swift */,
			);
			path = objects;
			sourceTree = "<group>";
		};
		2CD0EA231C5E7586007D6E95 /* Resources */ = {
			isa = PBXGroup;
			children = (
				2CBF1E411C686A7C004E2350 /* font */,
				2CD0EA641C61D73D007D6E95 /* ui */,
				2CD0EA5D1C61D6D8007D6E95 /* game */,
				2CD0EA3D1C5F74FF007D6E95 /* settings */,
				2CD0EA241C5E7586007D6E95 /* animations */,
			);
			path = Resources;
			sourceTree = "<group>";
		};
		2CD0EA241C5E7586007D6E95 /* animations */ = {
			isa = PBXGroup;
			children = (
				2CD0EA251C5E7586007D6E95 /* tapTarget */,
			);
			path = animations;
			sourceTree = "<group>";
		};
		2CD0EA251C5E7586007D6E95 /* tapTarget */ = {
			isa = PBXGroup;
			children = (
				2CD0EA261C5E7586007D6E95 /* tapTarget001@2x.png */,
				2CD0EA271C5E7586007D6E95 /* tapTarget002@2x.png */,
				2CD0EA281C5E7586007D6E95 /* tapTarget003@2x.png */,
			);
			path = tapTarget;
			sourceTree = "<group>";
		};
		2CD0EA3A1C5E7DF2007D6E95 /* settings */ = {
			isa = PBXGroup;
			children = (
				2CD0EA3B1C5E7E3C007D6E95 /* Settings.swift */,
				2C8837E81CF0F1F000F70230 /* DebugSettings.swift */,
			);
			path = settings;
			sourceTree = "<group>";
		};
		2CD0EA3D1C5F74FF007D6E95 /* settings */ = {
			isa = PBXGroup;
			children = (
				2CD0EA3E1C5F74FF007D6E95 /* settings.json */,
			);
			path = settings;
			sourceTree = "<group>";
		};
		2CD0EA441C609311007D6E95 /* utils */ = {
			isa = PBXGroup;
			children = (
				2CD0EA451C609340007D6E95 /* Utils.swift */,
				32DD4C4D1DDB8D9A00AADDEA /* AdManager.swift */,
			);
			path = utils;
			sourceTree = "<group>";
		};
		2CD0EA471C60AD3F007D6E95 /* Frameworks */ = {
			isa = PBXGroup;
			children = (
				2CD0EA481C60AD3F007D6E95 /* GoogleMobileAds.framework */,
			);
			path = Frameworks;
			sourceTree = "<group>";
		};
		2CD0EA4A1C60B1AC007D6E95 /* windows */ = {
			isa = PBXGroup;
			children = (
			);
			path = windows;
			sourceTree = "<group>";
		};
		2CD0EA5D1C61D6D8007D6E95 /* game */ = {
			isa = PBXGroup;
			children = (
				2CD0EA5E1C61D6D8007D6E95 /* deadTarget1@2x.png */,
				2CD0EA5F1C61D6D8007D6E95 /* deadTarget2@2x.png */,
				2CD0EA601C61D6D8007D6E95 /* deadTarget3@2x.png */,
			);
			path = game;
			sourceTree = "<group>";
		};
		2CD0EA641C61D73D007D6E95 /* ui */ = {
			isa = PBXGroup;
			children = (
				2CD0EA791C631D47007D6E95 /* btnBack@2x.png */,
				2CD0EA751C624EF9007D6E95 /* bestScore@2x.png */,
				2CD0EA651C61D73D007D6E95 /* backTile@2x.png */,
				2CD0EA671C61D73D007D6E95 /* btn@2x.png */,
				2CD0EA681C61D73D007D6E95 /* name@2x.png */,
				2CD0EA691C61D73D007D6E95 /* pause@2x.png */,
				2CD0EA6A1C61D73D007D6E95 /* scoreWindow@2x.png */,
				2CD0EA6B1C61D73D007D6E95 /* soundOff@2x.png */,
				2CD0EA6C1C61D73D007D6E95 /* soundOn@2x.png */,
			);
			path = ui;
			sourceTree = "<group>";
		};
/* End PBXGroup section */

/* Begin PBXNativeTarget section */
		2CD0EA031C5E0025007D6E95 /* TapGame */ = {
			isa = PBXNativeTarget;
			buildConfigurationList = 2CD0EA1A1C5E0025007D6E95 /* Build configuration list for PBXNativeTarget "TapGame" */;
			buildPhases = (
				2CD0EA001C5E0025007D6E95 /* Sources */,
				2CD0EA011C5E0025007D6E95 /* Frameworks */,
				2CD0EA021C5E0025007D6E95 /* Resources */,
			);
			buildRules = (
			);
			dependencies = (
			);
			name = TapGame;
			productName = TapGame;
			productReference = 2CD0EA041C5E0025007D6E95 /* TapGame.app */;
			productType = "com.apple.product-type.application";
		};
/* End PBXNativeTarget section */

/* Begin PBXProject section */
		2CD0E9FC1C5E0025007D6E95 /* Project object */ = {
			isa = PBXProject;
			attributes = {
				LastSwiftUpdateCheck = 0720;
				LastUpgradeCheck = 0720;
				ORGANIZATIONNAME = Dmitriy;
				TargetAttributes = {
					2CD0EA031C5E0025007D6E95 = {
						CreatedOnToolsVersion = 7.2;
						DevelopmentTeam = 2SHZQS9RQ6;
						LastSwiftMigration = 0810;
					};
				};
			};
			buildConfigurationList = 2CD0E9FF1C5E0025007D6E95 /* Build configuration list for PBXProject "TapGame" */;
			compatibilityVersion = "Xcode 3.2";
			developmentRegion = English;
			hasScannedForEncodings = 0;
			knownRegions = (
				en,
				Base,
			);
			mainGroup = 2CD0E9FB1C5E0025007D6E95;
			productRefGroup = 2CD0EA051C5E0025007D6E95 /* Products */;
			projectDirPath = "";
			projectRoot = "";
			targets = (
				2CD0EA031C5E0025007D6E95 /* TapGame */,
			);
		};
/* End PBXProject section */

/* Begin PBXResourcesBuildPhase section */
		2CD0EA021C5E0025007D6E95 /* Resources */ = {
			isa = PBXResourcesBuildPhase;
			buildActionMask = 2147483647;
			files = (
				2CD0EA621C61D6D8007D6E95 /* deadTarget2@2x.png in Resources */,
				2CD0EA3F1C5F74FF007D6E95 /* settings.json in Resources */,
				2CD0EA741C61D73D007D6E95 /* soundOn@2x.png in Resources */,
				2CD0EA311C5E7586007D6E95 /* tapTarget002@2x.png in Resources */,
				2CD0EA7A1C631D47007D6E95 /* btnBack@2x.png in Resources */,
				2CD0EA0A1C5E0025007D6E95 /* GameScene.sks in Resources */,
				2CD0EA321C5E7586007D6E95 /* tapTarget003@2x.png in Resources */,
				2CD0EA701C61D73D007D6E95 /* name@2x.png in Resources */,
				2CD0EA631C61D6D8007D6E95 /* deadTarget3@2x.png in Resources */,
				2CD0EA711C61D73D007D6E95 /* pause@2x.png in Resources */,
				2CD0EA721C61D73D007D6E95 /* scoreWindow@2x.png in Resources */,
				2CD0EA161C5E0025007D6E95 /* LaunchScreen.storyboard in Resources */,
				2CD0EA131C5E0025007D6E95 /* Assets.xcassets in Resources */,
				2CD0EA301C5E7586007D6E95 /* tapTarget001@2x.png in Resources */,
				2CD0EA731C61D73D007D6E95 /* soundOff@2x.png in Resources */,
				2CD0EA611C61D6D8007D6E95 /* deadTarget1@2x.png in Resources */,
				2CD0EA111C5E0025007D6E95 /* Main.storyboard in Resources */,
				2CD0EA761C624EF9007D6E95 /* bestScore@2x.png in Resources */,
				2CBF1E431C686A7C004E2350 /* HoboStd.otf in Resources */,
				2CD0EA6D1C61D73D007D6E95 /* backTile@2x.png in Resources */,
				2CD0EA6F1C61D73D007D6E95 /* btn@2x.png in Resources */,
			);
			runOnlyForDeploymentPostprocessing = 0;
		};
/* End PBXResourcesBuildPhase section */

/* Begin PBXSourcesBuildPhase section */
		2CD0EA001C5E0025007D6E95 /* Sources */ = {
			isa = PBXSourcesBuildPhase;
			buildActionMask = 2147483647;
			files = (
				32DD4C501DDB9EFC00AADDEA /* MenuTargetBehavior.swift in Sources */,
				2CD0EA3C1C5E7E3C007D6E95 /* Settings.swift in Sources */,
				2CD0EA221C5E1CD3007D6E95 /* TapTarget.swift in Sources */,
				2CD0EA461C609340007D6E95 /* Utils.swift in Sources */,
				2CD0EA0C1C5E0025007D6E95 /* GameScene.swift in Sources */,
				2CD0EA431C608780007D6E95 /* ObjectPopulation.swift in Sources */,
				2CD0EA781C6255D0007D6E95 /* ResultViewController.swift in Sources */,
				32DD4C4E1DDB8D9A00AADDEA /* AdManager.swift in Sources */,
				2CD0EA0E1C5E0025007D6E95 /* GameViewController.swift in Sources */,
				2C8837E91CF0F1F100F70230 /* DebugSettings.swift in Sources */,
				2CD0EA411C606C2D007D6E95 /* TapTargetBehavior.swift in Sources */,
				2CD0EA081C5E0025007D6E95 /* AppDelegate.swift in Sources */,
				2CD0EA1E1C5E011E007D6E95 /* MenuViewController.swift in Sources */,
			);
			runOnlyForDeploymentPostprocessing = 0;
		};
/* End PBXSourcesBuildPhase section */

/* Begin PBXVariantGroup section */
		2CD0EA0F1C5E0025007D6E95 /* Main.storyboard */ = {
			isa = PBXVariantGroup;
			children = (
				2CD0EA101C5E0025007D6E95 /* Base */,
			);
			name = Main.storyboard;
			sourceTree = "<group>";
		};
		2CD0EA141C5E0025007D6E95 /* LaunchScreen.storyboard */ = {
			isa = PBXVariantGroup;
			children = (
				2CD0EA151C5E0025007D6E95 /* Base */,
			);
			name = LaunchScreen.storyboard;
			sourceTree = "<group>";
		};
/* End PBXVariantGroup section */

/* Begin XCBuildConfiguration section */
		2CD0EA181C5E0025007D6E95 /* Debug */ = {
			isa = XCBuildConfiguration;
			buildSettings = {
				ALWAYS_SEARCH_USER_PATHS = NO;
				CLANG_CXX_LANGUAGE_STANDARD = "gnu++0x";
				CLANG_CXX_LIBRARY = "libc++";
				CLANG_ENABLE_MODULES = YES;
				CLANG_ENABLE_OBJC_ARC = YES;
				CLANG_WARN_BOOL_CONVERSION = YES;
				CLANG_WARN_CONSTANT_CONVERSION = YES;
				CLANG_WARN_DIRECT_OBJC_ISA_USAGE = YES_ERROR;
				CLANG_WARN_EMPTY_BODY = YES;
				CLANG_WARN_ENUM_CONVERSION = YES;
				CLANG_WARN_INT_CONVERSION = YES;
				CLANG_WARN_OBJC_ROOT_CLASS = YES_ERROR;
				CLANG_WARN_UNREACHABLE_CODE = YES;
				CLANG_WARN__DUPLICATE_METHOD_MATCH = YES;
				"CODE_SIGN_IDENTITY[sdk=iphoneos*]" = "iPhone Developer";
				COPY_PHASE_STRIP = NO;
				DEBUG_INFORMATION_FORMAT = "dwarf-with-dsym";
				ENABLE_STRICT_OBJC_MSGSEND = YES;
				ENABLE_TESTABILITY = YES;
				GCC_C_LANGUAGE_STANDARD = gnu99;
				GCC_DYNAMIC_NO_PIC = NO;
				GCC_NO_COMMON_BLOCKS = YES;
				GCC_OPTIMIZATION_LEVEL = 0;
				GCC_PREPROCESSOR_DEFINITIONS = (
					"DEBUG=1",
					"$(inherited)",
				);
				GCC_WARN_64_TO_32_BIT_CONVERSION = YES;
				GCC_WARN_ABOUT_RETURN_TYPE = YES_ERROR;
				GCC_WARN_UNDECLARED_SELECTOR = YES;
				GCC_WARN_UNINITIALIZED_AUTOS = YES_AGGRESSIVE;
				GCC_WARN_UNUSED_FUNCTION = YES;
				GCC_WARN_UNUSED_VARIABLE = YES;
				IPHONEOS_DEPLOYMENT_TARGET = 9.2;
				MTL_ENABLE_DEBUG_INFO = YES;
				ONLY_ACTIVE_ARCH = YES;
				SDKROOT = iphoneos;
				SWIFT_OPTIMIZATION_LEVEL = "-Onone";
				TARGETED_DEVICE_FAMILY = "1,2";
			};
			name = Debug;
		};
		2CD0EA191C5E0025007D6E95 /* Release */ = {
			isa = XCBuildConfiguration;
			buildSettings = {
				ALWAYS_SEARCH_USER_PATHS = NO;
				CLANG_CXX_LANGUAGE_STANDARD = "gnu++0x";
				CLANG_CXX_LIBRARY = "libc++";
				CLANG_ENABLE_MODULES = YES;
				CLANG_ENABLE_OBJC_ARC = YES;
				CLANG_WARN_BOOL_CONVERSION = YES;
				CLANG_WARN_CONSTANT_CONVERSION = YES;
				CLANG_WARN_DIRECT_OBJC_ISA_USAGE = YES_ERROR;
				CLANG_WARN_EMPTY_BODY = YES;
				CLANG_WARN_ENUM_CONVERSION = YES;
				CLANG_WARN_INT_CONVERSION = YES;
				CLANG_WARN_OBJC_ROOT_CLASS = YES_ERROR;
				CLANG_WARN_UNREACHABLE_CODE = YES;
				CLANG_WARN__DUPLICATE_METHOD_MATCH = YES;
				"CODE_SIGN_IDENTITY[sdk=iphoneos*]" = "iPhone Developer";
				COPY_PHASE_STRIP = NO;
				DEBUG_INFORMATION_FORMAT = "dwarf-with-dsym";
				ENABLE_NS_ASSERTIONS = NO;
				ENABLE_STRICT_OBJC_MSGSEND = YES;
				GCC_C_LANGUAGE_STANDARD = gnu99;
				GCC_NO_COMMON_BLOCKS = YES;
				GCC_WARN_64_TO_32_BIT_CONVERSION = YES;
				GCC_WARN_ABOUT_RETURN_TYPE = YES_ERROR;
				GCC_WARN_UNDECLARED_SELECTOR = YES;
				GCC_WARN_UNINITIALIZED_AUTOS = YES_AGGRESSIVE;
				GCC_WARN_UNUSED_FUNCTION = YES;
				GCC_WARN_UNUSED_VARIABLE = YES;
				IPHONEOS_DEPLOYMENT_TARGET = 9.2;
				MTL_ENABLE_DEBUG_INFO = NO;
				SDKROOT = iphoneos;
				TARGETED_DEVICE_FAMILY = "1,2";
				VALIDATE_PRODUCT = YES;
			};
			name = Release;
		};
		2CD0EA1B1C5E0025007D6E95 /* Debug */ = {
			isa = XCBuildConfiguration;
			buildSettings = {
				ASSETCATALOG_COMPILER_APPICON_NAME = AppIcon;
				DEVELOPMENT_TEAM = 2SHZQS9RQ6;
				FRAMEWORK_SEARCH_PATHS = (
					"$(inherited)",
					"$(PROJECT_DIR)/TapGame/Frameworks",
				);
				INFOPLIST_FILE = TapGame/Info.plist;
				LD_RUNPATH_SEARCH_PATHS = "$(inherited) @executable_path/Frameworks";
				PRODUCT_BUNDLE_IDENTIFIER = ru.tapgame.app;
				PRODUCT_NAME = "$(TARGET_NAME)";
				SWIFT_VERSION = 3.0;
			};
			name = Debug;
		};
		2CD0EA1C1C5E0025007D6E95 /* Release */ = {
			isa = XCBuildConfiguration;
			buildSettings = {
				ASSETCATALOG_COMPILER_APPICON_NAME = AppIcon;
				DEVELOPMENT_TEAM = 2SHZQS9RQ6;
				FRAMEWORK_SEARCH_PATHS = (
					"$(inherited)",
					"$(PROJECT_DIR)/TapGame/Frameworks",
				);
				INFOPLIST_FILE = TapGame/Info.plist;
				LD_RUNPATH_SEARCH_PATHS = "$(inherited) @executable_path/Frameworks";
				PRODUCT_BUNDLE_IDENTIFIER = ru.tapgame.app;
				PRODUCT_NAME = "$(TARGET_NAME)";
				SWIFT_VERSION = 3.0;
			};
			name = Release;
		};
/* End XCBuildConfiguration section */

/* Begin XCConfigurationList section */
		2CD0E9FF1C5E0025007D6E95 /* Build configuration list for PBXProject "TapGame" */ = {
			isa = XCConfigurationList;
			buildConfigurations = (
				2CD0EA181C5E0025007D6E95 /* Debug */,
				2CD0EA191C5E0025007D6E95 /* Release */,
			);
			defaultConfigurationIsVisible = 0;
			defaultConfigurationName = Release;
		};
		2CD0EA1A1C5E0025007D6E95 /* Build configuration list for PBXNativeTarget "TapGame" */ = {
			isa = XCConfigurationList;
			buildConfigurations = (
				2CD0EA1B1C5E0025007D6E95 /* Debug */,
				2CD0EA1C1C5E0025007D6E95 /* Release */,
			);
			defaultConfigurationIsVisible = 0;
			defaultConfigurationName = Release;
		};
/* End XCConfigurationList section */
	};
	rootObject = 2CD0E9FC1C5E0025007D6E95 /* Project object */;
}
